
Microsoft Visual Studio Solution File, Format Version 12.00
# Visual Studio Version 17
VisualStudioVersion = 17.11.35327.3
MinimumVisualStudioVersion = 10.0.40219.1
Project("{FAE04EC0-301F-11D3-BF4B-00C04F79EFBC}") = "NishuPortFolio", "NishuPortFolio.csproj", "{D0F9CAE0-20DF-4C55-9D4E-9583203D7C7F}"
EndProject
Global
	GlobalSection(SolutionConfigurationPlatforms) = preSolution
		Debug|Any CPU = Debug|Any CPU
		Release|Any CPU = Release|Any CPU
	EndGlobalSection
	GlobalSection(ProjectConfigurationPlatforms) = postSolution
		{D0F9CAE0-20DF-4C55-9D4E-9583203D7C7F}.Debug|Any CPU.ActiveCfg = Debug|Any CPU
		{D0F9CAE0-20DF-4C55-9D4E-9583203D7C7F}.Debug|Any CPU.Build.0 = Debug|Any CPU
		{D0F9CAE0-20DF-4C55-9D4E-9583203D7C7F}.Release|Any CPU.ActiveCfg = Release|Any CPU
		{D0F9CAE0-20DF-4C55-9D4E-9583203D7C7F}.Release|Any CPU.Build.0 = Release|Any CPU
	EndGlobalSection
	GlobalSection(SolutionProperties) = preSolution
		HideSolutionNode = FALSE
	EndGlobalSection
	GlobalSection(ExtensibilityGlobals) = postSolution
		SolutionGuid = {53C90646-6429-4757-BF70-59609DC6F7FA}
	EndGlobalSection
EndGlobal
